
Microsoft Visual Studio Solution File, Format Version 12.00
# Visual Studio Version 17
VisualStudioVersion = 17.14.36203.30 d17.14
MinimumVisualStudioVersion = 10.0.40219.1
Project("{FAE04EC0-301F-11D3-BF4B-00C04F79EFBC}") = "ComarchCwiczenia20250616.App", "ComarchCwiczenia20250616.App\ComarchCwiczenia20250616.App.csproj", "{1777DA33-2F4F-46B3-B1EB-43595FCFA5DE}"
EndProject
Global
	GlobalSection(SolutionConfigurationPlatforms) = preSolution
		Debug|Any CPU = Debug|Any CPU
		Release|Any CPU = Release|Any CPU
	EndGlobalSection
	GlobalSection(ProjectConfigurationPlatforms) = postSolution
		{1777DA33-2F4F-46B3-B1EB-43595FCFA5DE}.Debug|Any CPU.ActiveCfg = Debug|Any CPU
		{1777DA33-2F4F-46B3-B1EB-43595FCFA5DE}.Debug|Any CPU.Build.0 = Debug|Any CPU
		{1777DA33-2F4F-46B3-B1EB-43595FCFA5DE}.Release|Any CPU.ActiveCfg = Release|Any CPU
		{1777DA33-2F4F-46B3-B1EB-43595FCFA5DE}.Release|Any CPU.Build.0 = Release|Any CPU
	EndGlobalSection
	GlobalSection(SolutionProperties) = preSolution
		HideSolutionNode = FALSE
	EndGlobalSection
	GlobalSection(ExtensibilityGlobals) = postSolution
		SolutionGuid = {74D69F92-EC5D-4D75-A281-0AD7FDE3588E}
	EndGlobalSection
EndGlobal
